
Microsoft Visual Studio Solution File, Format Version 12.00
# Visual Studio 2013
VisualStudioVersion = 12.0.31101.0
MinimumVisualStudioVersion = 10.0.40219.1
Project("{FAE04EC0-301F-11D3-BF4B-00C04F79EFBC}") = "DataAccess", "DataAccess\DataAccess.csproj", "{C3534894-F8D6-4639-B4B9-E634E43CD35A}"
EndProject
Project("{FAE04EC0-301F-11D3-BF4B-00C04F79EFBC}") = "LifeChurch", "LifeChurch\LifeChurch.csproj", "{8A0EC2F8-3AEF-4259-AF37-8FCCB518D787}"
EndProject
Project("{FAE04EC0-301F-11D3-BF4B-00C04F79EFBC}") = "ChurchSoftware", "ChurchSoftware\ChurchSoftware.csproj", "{E6250E4B-5C8A-4155-863F-371C805959E3}"
EndProject
Project("{FAE04EC0-301F-11D3-BF4B-00C04F79EFBC}") = "LifeChurchWeb", "LifeChurchWeb\LifeChurchWeb.csproj", "{7AC4FC03-98E3-4ED1-98BD-82395331CCA0}"
	ProjectSection(ProjectDependencies) = postProject
		{C3534894-F8D6-4639-B4B9-E634E43CD35A} = {C3534894-F8D6-4639-B4B9-E634E43CD35A}
	EndProjectSection
EndProject
Global
	GlobalSection(SolutionConfigurationPlatforms) = preSolution
		Debug|Any CPU = Debug|Any CPU
		Release|Any CPU = Release|Any CPU
	EndGlobalSection
	GlobalSection(ProjectConfigurationPlatforms) = postSolution
		{C3534894-F8D6-4639-B4B9-E634E43CD35A}.Debug|Any CPU.ActiveCfg = Debug|Any CPU
		{C3534894-F8D6-4639-B4B9-E634E43CD35A}.Debug|Any CPU.Build.0 = Debug|Any CPU
		{C3534894-F8D6-4639-B4B9-E634E43CD35A}.Release|Any CPU.ActiveCfg = Release|Any CPU
		{C3534894-F8D6-4639-B4B9-E634E43CD35A}.Release|Any CPU.Build.0 = Release|Any CPU
		{8A0EC2F8-3AEF-4259-AF37-8FCCB518D787}.Debug|Any CPU.ActiveCfg = Debug|Any CPU
		{8A0EC2F8-3AEF-4259-AF37-8FCCB518D787}.Debug|Any CPU.Build.0 = Debug|Any CPU
		{8A0EC2F8-3AEF-4259-AF37-8FCCB518D787}.Release|Any CPU.ActiveCfg = Release|Any CPU
		{8A0EC2F8-3AEF-4259-AF37-8FCCB518D787}.Release|Any CPU.Build.0 = Release|Any CPU
		{E6250E4B-5C8A-4155-863F-371C805959E3}.Debug|Any CPU.ActiveCfg = Debug|Any CPU
		{E6250E4B-5C8A-4155-863F-371C805959E3}.Debug|Any CPU.Build.0 = Debug|Any CPU
		{E6250E4B-5C8A-4155-863F-371C805959E3}.Release|Any CPU.ActiveCfg = Release|Any CPU
		{E6250E4B-5C8A-4155-863F-371C805959E3}.Release|Any CPU.Build.0 = Release|Any CPU
		{7AC4FC03-98E3-4ED1-98BD-82395331CCA0}.Debug|Any CPU.ActiveCfg = Debug|Any CPU
		{7AC4FC03-98E3-4ED1-98BD-82395331CCA0}.Debug|Any CPU.Build.0 = Debug|Any CPU
		{7AC4FC03-98E3-4ED1-98BD-82395331CCA0}.Release|Any CPU.ActiveCfg = Release|Any CPU
		{7AC4FC03-98E3-4ED1-98BD-82395331CCA0}.Release|Any CPU.Build.0 = Release|Any CPU
	EndGlobalSection
	GlobalSection(SolutionProperties) = preSolution
		HideSolutionNode = FALSE
	EndGlobalSection
EndGlobal
